
Microsoft Visual Studio Solution File, Format Version 12.00
# Visual Studio Version 17
VisualStudioVersion = 17.0.31903.59
MinimumVisualStudioVersion = 10.0.40219.1
Project("{FAE04EC0-301F-11D3-BF4B-00C04F79EFBC}") = "AnimalPerspective", "AnimalPerspective\AnimalPerspective.csproj", "{AFC56FDD-BCF9-486D-AB99-4D7B59755F4B}"
EndProject
Project("{FAE04EC0-301F-11D3-BF4B-00C04F79EFBC}") = "PlayerManager2", "PlayerManager2\PlayerManager2.csproj", "{32DDE0A9-736C-43B7-B03E-CB20093C369A}"
EndProject
Global
	GlobalSection(SolutionConfigurationPlatforms) = preSolution
		Debug|Any CPU = Debug|Any CPU
		Release|Any CPU = Release|Any CPU
	EndGlobalSection
	GlobalSection(SolutionProperties) = preSolution
		HideSolutionNode = FALSE
	EndGlobalSection
	GlobalSection(ProjectConfigurationPlatforms) = postSolution
		{AFC56FDD-BCF9-486D-AB99-4D7B59755F4B}.Debug|Any CPU.ActiveCfg = Debug|Any CPU
		{AFC56FDD-BCF9-486D-AB99-4D7B59755F4B}.Debug|Any CPU.Build.0 = Debug|Any CPU
		{AFC56FDD-BCF9-486D-AB99-4D7B59755F4B}.Release|Any CPU.ActiveCfg = Release|Any CPU
		{AFC56FDD-BCF9-486D-AB99-4D7B59755F4B}.Release|Any CPU.Build.0 = Release|Any CPU
		{32DDE0A9-736C-43B7-B03E-CB20093C369A}.Debug|Any CPU.ActiveCfg = Debug|Any CPU
		{32DDE0A9-736C-43B7-B03E-CB20093C369A}.Debug|Any CPU.Build.0 = Debug|Any CPU
		{32DDE0A9-736C-43B7-B03E-CB20093C369A}.Release|Any CPU.ActiveCfg = Release|Any CPU
		{32DDE0A9-736C-43B7-B03E-CB20093C369A}.Release|Any CPU.Build.0 = Release|Any CPU
	EndGlobalSection
EndGlobal
